
Microsoft Visual Studio Solution File, Format Version 12.00
# Visual Studio Version 16
VisualStudioVersion = 16.0.29920.165
MinimumVisualStudioVersion = 10.0.40219.1
Project("{FAE04EC0-301F-11D3-BF4B-00C04F79EFBC}") = "BasicDemo", "BasicDemo\BasicDemo.csproj", "{30D37306-BEF1-4DFA-B1D8-7D1092C489DE}"
EndProject
Global
	GlobalSection(SolutionConfigurationPlatforms) = preSolution
		Debug|Any CPU = Debug|Any CPU
		Release|Any CPU = Release|Any CPU
	EndGlobalSection
	GlobalSection(ProjectConfigurationPlatforms) = postSolution
		{30D37306-BEF1-4DFA-B1D8-7D1092C489DE}.Debug|Any CPU.ActiveCfg = Debug|Any CPU
		{30D37306-BEF1-4DFA-B1D8-7D1092C489DE}.Debug|Any CPU.Build.0 = Debug|Any CPU
		{30D37306-BEF1-4DFA-B1D8-7D1092C489DE}.Release|Any CPU.ActiveCfg = Release|Any CPU
		{30D37306-BEF1-4DFA-B1D8-7D1092C489DE}.Release|Any CPU.Build.0 = Release|Any CPU
	EndGlobalSection
	GlobalSection(SolutionProperties) = preSolution
		HideSolutionNode = FALSE
	EndGlobalSection
	GlobalSection(ExtensibilityGlobals) = postSolution
		SolutionGuid = {CAEE76A0-BDBF-4555-BD7F-4292FF5A6547}
	EndGlobalSection
EndGlobal
